
Microsoft Visual Studio Solution File, Format Version 12.00
# Visual Studio Version 16
VisualStudioVersion = 16.0.31613.86
MinimumVisualStudioVersion = 10.0.40219.1
Project("{9A19103F-16F7-4668-BE54-9A1E7A4F7556}") = "ASP.NET_Core_Identity_Demo", "ASP.NET Core Identity Demo\ASP.NET_Core_Identity_Demo.csproj", "{BCEDFE9A-AC93-4028-9720-7BDDD49F63DA}"
EndProject
Global
	GlobalSection(SolutionConfigurationPlatforms) = preSolution
		Debug|Any CPU = Debug|Any CPU
		Release|Any CPU = Release|Any CPU
	EndGlobalSection
	GlobalSection(ProjectConfigurationPlatforms) = postSolution
		{BCEDFE9A-AC93-4028-9720-7BDDD49F63DA}.Debug|Any CPU.ActiveCfg = Debug|Any CPU
		{BCEDFE9A-AC93-4028-9720-7BDDD49F63DA}.Debug|Any CPU.Build.0 = Debug|Any CPU
		{BCEDFE9A-AC93-4028-9720-7BDDD49F63DA}.Release|Any CPU.ActiveCfg = Release|Any CPU
		{BCEDFE9A-AC93-4028-9720-7BDDD49F63DA}.Release|Any CPU.Build.0 = Release|Any CPU
	EndGlobalSection
	GlobalSection(SolutionProperties) = preSolution
		HideSolutionNode = FALSE
	EndGlobalSection
	GlobalSection(ExtensibilityGlobals) = postSolution
		SolutionGuid = {6A2DFCD0-33A2-46EA-8F8E-8D7777D855E5}
	EndGlobalSection
EndGlobal
